# This file is automatically @generated by Cargo.
# It is not intended for manual editing.
version = 3

[[package]]
name = "middle-lib"
version = "0.1.0"
dependencies = [
 "trait-lib",
]

[[package]]
name = "trait-lib"
version = "0.1.0"
source = "git+https://github.com/liyan-ah/trait-lib.git?tag=1.0.0#e235c1997d09288d62c10c71e81028d4ef37d18d"
