# This file is automatically @generated by Cargo.
# It is not intended for manual editing.
version = 3

[[package]]
name = "middle-lib"
version = "0.1.0"
dependencies = [
 "trait-lib",
]

[[package]]
name = "trait-lib"
version = "0.1.0"
source = "git+https://github.com/liyan-ah/trait-lib.git?tag=1.1.0#0e5e74af643e5c3590a4a6baad3c7f857573686d"
